
Microsoft Visual Studio Solution File, Format Version 12.00
# Visual Studio Version 18
VisualStudioVersion = 18.0.11018.127 d18.0
MinimumVisualStudioVersion = 10.0.40219.1
Project("{2150E333-8FDC-42A3-9474-1A3956D46DE8}") = "1.Infrastructure", "1.Infrastructure", "{02EA681E-C7D8-13C7-8484-4AC65E1B71E8}"
EndProject
Project("{2150E333-8FDC-42A3-9474-1A3956D46DE8}") = "2.Domain", "2.Domain", "{C2CD7A08-8491-48CC-A462-CE3E204ECCEA}"
EndProject
Project("{FAE04EC0-301F-11D3-BF4B-00C04F79EFBC}") = "iChat.Data", "iChat.Data\iChat.Data.csproj", "{DABFF81C-16D5-464C-9CA2-C3A11E4C47CA}"
EndProject
Project("{FAE04EC0-301F-11D3-BF4B-00C04F79EFBC}") = "iChat.ViewModels", "iChat.ViewModels\iChat.ViewModels.csproj", "{A34BBB61-FCD4-4F7C-96B7-13FF6E9B84E4}"
EndProject
Project("{FAE04EC0-301F-11D3-BF4B-00C04F79EFBC}") = "iChat.BackEnd", "iChat.BackEnd\iChat.BackEnd.csproj", "{76FBEBCF-159C-483B-A821-E4C117D004E1}"
	ProjectSection(ProjectDependencies) = postProject
		{D837F6D1-5B54-48AC-BE91-5F622357891E} = {D837F6D1-5B54-48AC-BE91-5F622357891E}
	EndProjectSection
EndProject
Project("{FAE04EC0-301F-11D3-BF4B-00C04F79EFBC}") = "iChat.DTOs", "iChat.DTOs\iChat.DTOs.csproj", "{4A30E199-4BF0-495F-A510-C0795A72CE9F}"
EndProject
Project("{2150E333-8FDC-42A3-9474-1A3956D46DE8}") = "3.Host", "3.Host", "{951545AA-CF2A-4240-B947-AC232A39DBAF}"
EndProject
Project("{2150E333-8FDC-42A3-9474-1A3956D46DE8}") = "Solution Items", "Solution Items", "{C5F4FD64-CE9C-4F68-A00D-EA4704EC5597}"
	ProjectSection(SolutionItems) = preProject
		.editorconfig = .editorconfig
	EndProjectSection
EndProject
Project("{FAE04EC0-301F-11D3-BF4B-00C04F79EFBC}") = "iChat.Client", "iChat.Client\iChat.Client.csproj", "{D837F6D1-5B54-48AC-BE91-5F622357891E}"
	ProjectSection(ProjectDependencies) = postProject
		{4A30E199-4BF0-495F-A510-C0795A72CE9F} = {4A30E199-4BF0-495F-A510-C0795A72CE9F}
		{A34BBB61-FCD4-4F7C-96B7-13FF6E9B84E4} = {A34BBB61-FCD4-4F7C-96B7-13FF6E9B84E4}
	EndProjectSection
EndProject
Global
	GlobalSection(SolutionConfigurationPlatforms) = preSolution
		Debug|Any CPU = Debug|Any CPU
		Release|Any CPU = Release|Any CPU
	EndGlobalSection
	GlobalSection(ProjectConfigurationPlatforms) = postSolution
		{DABFF81C-16D5-464C-9CA2-C3A11E4C47CA}.Debug|Any CPU.ActiveCfg = Debug|Any CPU
		{DABFF81C-16D5-464C-9CA2-C3A11E4C47CA}.Debug|Any CPU.Build.0 = Debug|Any CPU
		{DABFF81C-16D5-464C-9CA2-C3A11E4C47CA}.Release|Any CPU.ActiveCfg = Release|Any CPU
		{DABFF81C-16D5-464C-9CA2-C3A11E4C47CA}.Release|Any CPU.Build.0 = Release|Any CPU
		{A34BBB61-FCD4-4F7C-96B7-13FF6E9B84E4}.Debug|Any CPU.ActiveCfg = Debug|Any CPU
		{A34BBB61-FCD4-4F7C-96B7-13FF6E9B84E4}.Debug|Any CPU.Build.0 = Debug|Any CPU
		{A34BBB61-FCD4-4F7C-96B7-13FF6E9B84E4}.Release|Any CPU.ActiveCfg = Release|Any CPU
		{A34BBB61-FCD4-4F7C-96B7-13FF6E9B84E4}.Release|Any CPU.Build.0 = Release|Any CPU
		{76FBEBCF-159C-483B-A821-E4C117D004E1}.Debug|Any CPU.ActiveCfg = Debug|Any CPU
		{76FBEBCF-159C-483B-A821-E4C117D004E1}.Debug|Any CPU.Build.0 = Debug|Any CPU
		{76FBEBCF-159C-483B-A821-E4C117D004E1}.Release|Any CPU.ActiveCfg = Release|Any CPU
		{76FBEBCF-159C-483B-A821-E4C117D004E1}.Release|Any CPU.Build.0 = Release|Any CPU
		{4A30E199-4BF0-495F-A510-C0795A72CE9F}.Debug|Any CPU.ActiveCfg = Debug|Any CPU
		{4A30E199-4BF0-495F-A510-C0795A72CE9F}.Debug|Any CPU.Build.0 = Debug|Any CPU
		{4A30E199-4BF0-495F-A510-C0795A72CE9F}.Release|Any CPU.ActiveCfg = Release|Any CPU
		{4A30E199-4BF0-495F-A510-C0795A72CE9F}.Release|Any CPU.Build.0 = Release|Any CPU
		{D837F6D1-5B54-48AC-BE91-5F622357891E}.Debug|Any CPU.ActiveCfg = Debug|Any CPU
		{D837F6D1-5B54-48AC-BE91-5F622357891E}.Debug|Any CPU.Build.0 = Debug|Any CPU
		{D837F6D1-5B54-48AC-BE91-5F622357891E}.Release|Any CPU.ActiveCfg = Release|Any CPU
		{D837F6D1-5B54-48AC-BE91-5F622357891E}.Release|Any CPU.Build.0 = Release|Any CPU
	EndGlobalSection
	GlobalSection(SolutionProperties) = preSolution
		HideSolutionNode = FALSE
	EndGlobalSection
	GlobalSection(NestedProjects) = preSolution
		{DABFF81C-16D5-464C-9CA2-C3A11E4C47CA} = {C2CD7A08-8491-48CC-A462-CE3E204ECCEA}
		{A34BBB61-FCD4-4F7C-96B7-13FF6E9B84E4} = {02EA681E-C7D8-13C7-8484-4AC65E1B71E8}
		{76FBEBCF-159C-483B-A821-E4C117D004E1} = {951545AA-CF2A-4240-B947-AC232A39DBAF}
		{4A30E199-4BF0-495F-A510-C0795A72CE9F} = {02EA681E-C7D8-13C7-8484-4AC65E1B71E8}
		{D837F6D1-5B54-48AC-BE91-5F622357891E} = {951545AA-CF2A-4240-B947-AC232A39DBAF}
	EndGlobalSection
	GlobalSection(ExtensibilityGlobals) = postSolution
		SolutionGuid = {7C26200A-7481-491D-9AB3-AF72E08E2103}
	EndGlobalSection
EndGlobal
